
Microsoft Visual Studio Solution File, Format Version 12.00
# Visual Studio Version 17
VisualStudioVersion = 17.6.33815.320
MinimumVisualStudioVersion = 10.0.40219.1
Project("{FAE04EC0-301F-11D3-BF4B-00C04F79EFBC}") = "DataBaseFirst_EF6Core", "DataBaseFirst_EF6Core\DataBaseFirst_EF6Core.csproj", "{6E722620-3C5A-4490-ADC7-343CFCA876FF}"
EndProject
Global
	GlobalSection(SolutionConfigurationPlatforms) = preSolution
		Debug|Any CPU = Debug|Any CPU
		Release|Any CPU = Release|Any CPU
	EndGlobalSection
	GlobalSection(ProjectConfigurationPlatforms) = postSolution
		{6E722620-3C5A-4490-ADC7-343CFCA876FF}.Debug|Any CPU.ActiveCfg = Debug|Any CPU
		{6E722620-3C5A-4490-ADC7-343CFCA876FF}.Debug|Any CPU.Build.0 = Debug|Any CPU
		{6E722620-3C5A-4490-ADC7-343CFCA876FF}.Release|Any CPU.ActiveCfg = Release|Any CPU
		{6E722620-3C5A-4490-ADC7-343CFCA876FF}.Release|Any CPU.Build.0 = Release|Any CPU
	EndGlobalSection
	GlobalSection(SolutionProperties) = preSolution
		HideSolutionNode = FALSE
	EndGlobalSection
	GlobalSection(ExtensibilityGlobals) = postSolution
		SolutionGuid = {F792DBC4-9B54-4FEB-91D0-1689A2535230}
	EndGlobalSection
EndGlobal
